// !$*UTF8*$!
{
	archiveVersion = 1;
	classes = {
	};
	objectVersion = 50;
	objects = {

/* Begin PBXBuildFile section */
		C63DF73526E2247200E01163 /* AppDelegate.swift in Sources */ = {isa = PBXBuildFile; fileRef = C63DF73426E2247200E01163 /* AppDelegate.swift */; };
		C63DF73726E2247200E01163 /* SceneDelegate.swift in Sources */ = {isa = PBXBuildFile; fileRef = C63DF73626E2247200E01163 /* SceneDelegate.swift */; };
		C63DF73C26E2247200E01163 /* Main.storyboard in Resources */ = {isa = PBXBuildFile; fileRef = C63DF73A26E2247200E01163 /* Main.storyboard */; };
		C63DF73E26E2247300E01163 /* Assets.xcassets in Resources */ = {isa = PBXBuildFile; fileRef = C63DF73D26E2247300E01163 /* Assets.xcassets */; };
		C63DF74126E2247300E01163 /* LaunchScreen.storyboard in Resources */ = {isa = PBXBuildFile; fileRef = C63DF73F26E2247300E01163 /* LaunchScreen.storyboard */; };
		C63DF74926E225B200E01163 /* ToDoListTableViewController.swift in Sources */ = {isa = PBXBuildFile; fileRef = C63DF74826E225B200E01163 /* ToDoListTableViewController.swift */; };
		C63DF74B26E2266000E01163 /* Deed.swift in Sources */ = {isa = PBXBuildFile; fileRef = C63DF74A26E2266000E01163 /* Deed.swift */; };
		C63DF74F26E2272C00E01163 /* StorageManager.swift in Sources */ = {isa = PBXBuildFile; fileRef = C63DF74E26E2272C00E01163 /* StorageManager.swift */; };
		C63DF75126E22E3100E01163 /* NewDeedViewController.swift in Sources */ = {isa = PBXBuildFile; fileRef = C63DF75026E22E3100E01163 /* NewDeedViewController.swift */; };
/* End PBXBuildFile section */

/* Begin PBXFileReference section */
		C63DF73126E2247200E01163 /* ToDoListApp.app */ = {isa = PBXFileReference; explicitFileType = wrapper.application; includeInIndex = 0; path = ToDoListApp.app; sourceTree = BUILT_PRODUCTS_DIR; };
		C63DF73426E2247200E01163 /* AppDelegate.swift */ = {isa = PBXFileReference; lastKnownFileType = sourcecode.swift; path = AppDelegate.swift; sourceTree = "<group>"; };
		C63DF73626E2247200E01163 /* SceneDelegate.swift */ = {isa = PBXFileReference; lastKnownFileType = sourcecode.swift; path = SceneDelegate.swift; sourceTree = "<group>"; };
		C63DF73B26E2247200E01163 /* Base */ = {isa = PBXFileReference; lastKnownFileType = file.storyboard; name = Base; path = Base.lproj/Main.storyboard; sourceTree = "<group>"; };
		C63DF73D26E2247300E01163 /* Assets.xcassets */ = {isa = PBXFileReference; lastKnownFileType = folder.assetcatalog; path = Assets.xcassets; sourceTree = "<group>"; };
		C63DF74026E2247300E01163 /* Base */ = {isa = PBXFileReference; lastKnownFileType = file.storyboard; name = Base; path = Base.lproj/LaunchScreen.storyboard; sourceTree = "<group>"; };
		C63DF74226E2247300E01163 /* Info.plist */ = {isa = PBXFileReference; lastKnownFileType = text.plist.xml; path = Info.plist; sourceTree = "<group>"; };
		C63DF74826E225B200E01163 /* ToDoListTableViewController.swift */ = {isa = PBXFileReference; lastKnownFileType = sourcecode.swift; path = ToDoListTableViewController.swift; sourceTree = "<group>"; };
		C63DF74A26E2266000E01163 /* Deed.swift */ = {isa = PBXFileReference; lastKnownFileType = sourcecode.swift; path = Deed.swift; sourceTree = "<group>"; };
		C63DF74E26E2272C00E01163 /* StorageManager.swift */ = {isa = PBXFileReference; lastKnownFileType = sourcecode.swift; path = StorageManager.swift; sourceTree = "<group>"; };
		C63DF75026E22E3100E01163 /* NewDeedViewController.swift */ = {isa = PBXFileReference; lastKnownFileType = sourcecode.swift; path = NewDeedViewController.swift; sourceTree = "<group>"; };
/* End PBXFileReference section */

/* Begin PBXFrameworksBuildPhase section */
		C63DF72E26E2247200E01163 /* Frameworks */ = {
			isa = PBXFrameworksBuildPhase;
			buildActionMask = 2147483647;
			files = (
			);
			runOnlyForDeploymentPostprocessing = 0;
		};
/* End PBXFrameworksBuildPhase section */

/* Begin PBXGroup section */
		C63DF72826E2247200E01163 = {
			isa = PBXGroup;
			children = (
				C63DF73326E2247200E01163 /* ToDoListApp */,
				C63DF73226E2247200E01163 /* Products */,
			);
			sourceTree = "<group>";
		};
		C63DF73226E2247200E01163 /* Products */ = {
			isa = PBXGroup;
			children = (
				C63DF73126E2247200E01163 /* ToDoListApp.app */,
			);
			name = Products;
			sourceTree = "<group>";
		};
		C63DF73326E2247200E01163 /* ToDoListApp */ = {
			isa = PBXGroup;
			children = (
				C63DF75326E256C000E01163 /* Supporting files */,
				C63DF75226E256A800E01163 /* Storyboards */,
				C63DF75426E256CF00E01163 /* ViewControllers */,
				C63DF75526E256D900E01163 /* Storage */,
				C63DF75626E256DF00E01163 /* Model */,
				C63DF75726E256E700E01163 /* Resourses */,
				C63DF74226E2247300E01163 /* Info.plist */,
			);
			path = ToDoListApp;
			sourceTree = "<group>";
		};
		C63DF75226E256A800E01163 /* Storyboards */ = {
			isa = PBXGroup;
			children = (
				C63DF73A26E2247200E01163 /* Main.storyboard */,
				C63DF73F26E2247300E01163 /* LaunchScreen.storyboard */,
			);
			path = Storyboards;
			sourceTree = "<group>";
		};
		C63DF75326E256C000E01163 /* Supporting files */ = {
			isa = PBXGroup;
			children = (
				C63DF73426E2247200E01163 /* AppDelegate.swift */,
				C63DF73626E2247200E01163 /* SceneDelegate.swift */,
			);
			path = "Supporting files";
			sourceTree = "<group>";
		};
		C63DF75426E256CF00E01163 /* ViewControllers */ = {
			isa = PBXGroup;
			children = (
				C63DF74826E225B200E01163 /* ToDoListTableViewController.swift */,
				C63DF75026E22E3100E01163 /* NewDeedViewController.swift */,
			);
			path = ViewControllers;
			sourceTree = "<group>";
		};
		C63DF75526E256D900E01163 /* Storage */ = {
			isa = PBXGroup;
			children = (
				C63DF74E26E2272C00E01163 /* StorageManager.swift */,
			);
			path = Storage;
			sourceTree = "<group>";
		};
		C63DF75626E256DF00E01163 /* Model */ = {
			isa = PBXGroup;
			children = (
				C63DF74A26E2266000E01163 /* Deed.swift */,
			);
			path = Model;
			sourceTree = "<group>";
		};
		C63DF75726E256E700E01163 /* Resourses */ = {
			isa = PBXGroup;
			children = (
				C63DF73D26E2247300E01163 /* Assets.xcassets */,
			);
			path = Resourses;
			sourceTree = "<group>";
		};
/* End PBXGroup section */

/* Begin PBXNativeTarget section */
		C63DF73026E2247200E01163 /* ToDoListApp */ = {
			isa = PBXNativeTarget;
			buildConfigurationList = C63DF74526E2247300E01163 /* Build configuration list for PBXNativeTarget "ToDoListApp" */;
			buildPhases = (
				C63DF72D26E2247200E01163 /* Sources */,
				C63DF72E26E2247200E01163 /* Frameworks */,
				C63DF72F26E2247200E01163 /* Resources */,
			);
			buildRules = (
			);
			dependencies = (
			);
			name = ToDoListApp;
			productName = ToDoListApp;
			productReference = C63DF73126E2247200E01163 /* ToDoListApp.app */;
			productType = "com.apple.product-type.application";
		};
/* End PBXNativeTarget section */

/* Begin PBXProject section */
		C63DF72926E2247200E01163 /* Project object */ = {
			isa = PBXProject;
			attributes = {
				LastSwiftUpdateCheck = 1250;
				LastUpgradeCheck = 1250;
				TargetAttributes = {
					C63DF73026E2247200E01163 = {
						CreatedOnToolsVersion = 12.5;
					};
				};
			};
			buildConfigurationList = C63DF72C26E2247200E01163 /* Build configuration list for PBXProject "ToDoListApp" */;
			compatibilityVersion = "Xcode 9.3";
			developmentRegion = en;
			hasScannedForEncodings = 0;
			knownRegions = (
				en,
				Base,
			);
			mainGroup = C63DF72826E2247200E01163;
			productRefGroup = C63DF73226E2247200E01163 /* Products */;
			projectDirPath = "";
			projectRoot = "";
			targets = (
				C63DF73026E2247200E01163 /* ToDoListApp */,
			);
		};
/* End PBXProject section */

/* Begin PBXResourcesBuildPhase section */
		C63DF72F26E2247200E01163 /* Resources */ = {
			isa = PBXResourcesBuildPhase;
			buildActionMask = 2147483647;
			files = (
				C63DF74126E2247300E01163 /* LaunchScreen.storyboard in Resources */,
				C63DF73E26E2247300E01163 /* Assets.xcassets in Resources */,
				C63DF73C26E2247200E01163 /* Main.storyboard in Resources */,
			);
			runOnlyForDeploymentPostprocessing = 0;
		};
/* End PBXResourcesBuildPhase section */

/* Begin PBXSourcesBuildPhase section */
		C63DF72D26E2247200E01163 /* Sources */ = {
			isa = PBXSourcesBuildPhase;
			buildActionMask = 2147483647;
			files = (
				C63DF73526E2247200E01163 /* AppDelegate.swift in Sources */,
				C63DF73726E2247200E01163 /* SceneDelegate.swift in Sources */,
				C63DF74F26E2272C00E01163 /* StorageManager.swift in Sources */,
				C63DF75126E22E3100E01163 /* NewDeedViewController.swift in Sources */,
				C63DF74926E225B200E01163 /* ToDoListTableViewController.swift in Sources */,
				C63DF74B26E2266000E01163 /* Deed.swift in Sources */,
			);
			runOnlyForDeploymentPostprocessing = 0;
		};
/* End PBXSourcesBuildPhase section */

/* Begin PBXVariantGroup section */
		C63DF73A26E2247200E01163 /* Main.storyboard */ = {
			isa = PBXVariantGroup;
			children = (
				C63DF73B26E2247200E01163 /* Base */,
			);
			name = Main.storyboard;
			sourceTree = "<group>";
		};
		C63DF73F26E2247300E01163 /* LaunchScreen.storyboard */ = {
			isa = PBXVariantGroup;
			children = (
				C63DF74026E2247300E01163 /* Base */,
			);
			name = LaunchScreen.storyboard;
			sourceTree = "<group>";
		};
/* End PBXVariantGroup section */

/* Begin XCBuildConfiguration section */
		C63DF74326E2247300E01163 /* Debug */ = {
			isa = XCBuildConfiguration;
			buildSettings = {
				ALWAYS_SEARCH_USER_PATHS = NO;
				CLANG_ANALYZER_NONNULL = YES;
				CLANG_ANALYZER_NUMBER_OBJECT_CONVERSION = YES_AGGRESSIVE;
				CLANG_CXX_LANGUAGE_STANDARD = "gnu++14";
				CLANG_CXX_LIBRARY = "libc++";
				CLANG_ENABLE_MODULES = YES;
				CLANG_ENABLE_OBJC_ARC = YES;
				CLANG_ENABLE_OBJC_WEAK = YES;
				CLANG_WARN_BLOCK_CAPTURE_AUTORELEASING = YES;
				CLANG_WARN_BOOL_CONVERSION = YES;
				CLANG_WARN_COMMA = YES;
				CLANG_WARN_CONSTANT_CONVERSION = YES;
				CLANG_WARN_DEPRECATED_OBJC_IMPLEMENTATIONS = YES;
				CLANG_WARN_DIRECT_OBJC_ISA_USAGE = YES_ERROR;
				CLANG_WARN_DOCUMENTATION_COMMENTS = YES;
				CLANG_WARN_EMPTY_BODY = YES;
				CLANG_WARN_ENUM_CONVERSION = YES;
				CLANG_WARN_INFINITE_RECURSION = YES;
				CLANG_WARN_INT_CONVERSION = YES;
				CLANG_WARN_NON_LITERAL_NULL_CONVERSION = YES;
				CLANG_WARN_OBJC_IMPLICIT_RETAIN_SELF = YES;
				CLANG_WARN_OBJC_LITERAL_CONVERSION = YES;
				CLANG_WARN_OBJC_ROOT_CLASS = YES_ERROR;
				CLANG_WARN_QUOTED_INCLUDE_IN_FRAMEWORK_HEADER = YES;
				CLANG_WARN_RANGE_LOOP_ANALYSIS = YES;
				CLANG_WARN_STRICT_PROTOTYPES = YES;
				CLANG_WARN_SUSPICIOUS_MOVE = YES;
				CLANG_WARN_UNGUARDED_AVAILABILITY = YES_AGGRESSIVE;
				CLANG_WARN_UNREACHABLE_CODE = YES;
				CLANG_WARN__DUPLICATE_METHOD_MATCH = YES;
				COPY_PHASE_STRIP = NO;
				DEBUG_INFORMATION_FORMAT = dwarf;
				ENABLE_STRICT_OBJC_MSGSEND = YES;
				ENABLE_TESTABILITY = YES;
				GCC_C_LANGUAGE_STANDARD = gnu11;
				GCC_DYNAMIC_NO_PIC = NO;
				GCC_NO_COMMON_BLOCKS = YES;
				GCC_OPTIMIZATION_LEVEL = 0;
				GCC_PREPROCESSOR_DEFINITIONS = (
					"DEBUG=1",
					"$(inherited)",
				);
				GCC_WARN_64_TO_32_BIT_CONVERSION = YES;
				GCC_WARN_ABOUT_RETURN_TYPE = YES_ERROR;
				GCC_WARN_UNDECLARED_SELECTOR = YES;
				GCC_WARN_UNINITIALIZED_AUTOS = YES_AGGRESSIVE;
				GCC_WARN_UNUSED_FUNCTION = YES;
				GCC_WARN_UNUSED_VARIABLE = YES;
				IPHONEOS_DEPLOYMENT_TARGET = 14.5;
				MTL_ENABLE_DEBUG_INFO = INCLUDE_SOURCE;
				MTL_FAST_MATH = YES;
				ONLY_ACTIVE_ARCH = YES;
				SDKROOT = iphoneos;
				SWIFT_ACTIVE_COMPILATION_CONDITIONS = DEBUG;
				SWIFT_OPTIMIZATION_LEVEL = "-Onone";
			};
			name = Debug;
		};
		C63DF74426E2247300E01163 /* Release */ = {
			isa = XCBuildConfiguration;
			buildSettings = {
				ALWAYS_SEARCH_USER_PATHS = NO;
				CLANG_ANALYZER_NONNULL = YES;
				CLANG_ANALYZER_NUMBER_OBJECT_CONVERSION = YES_AGGRESSIVE;
				CLANG_CXX_LANGUAGE_STANDARD = "gnu++14";
				CLANG_CXX_LIBRARY = "libc++";
				CLANG_ENABLE_MODULES = YES;
				CLANG_ENABLE_OBJC_ARC = YES;
				CLANG_ENABLE_OBJC_WEAK = YES;
				CLANG_WARN_BLOCK_CAPTURE_AUTORELEASING = YES;
				CLANG_WARN_BOOL_CONVERSION = YES;
				CLANG_WARN_COMMA = YES;
				CLANG_WARN_CONSTANT_CONVERSION = YES;
				CLANG_WARN_DEPRECATED_OBJC_IMPLEMENTATIONS = YES;
				CLANG_WARN_DIRECT_OBJC_ISA_USAGE = YES_ERROR;
				CLANG_WARN_DOCUMENTATION_COMMENTS = YES;
				CLANG_WARN_EMPTY_BODY = YES;
				CLANG_WARN_ENUM_CONVERSION = YES;
				CLANG_WARN_INFINITE_RECURSION = YES;
				CLANG_WARN_INT_CONVERSION = YES;
				CLANG_WARN_NON_LITERAL_NULL_CONVERSION = YES;
				CLANG_WARN_OBJC_IMPLICIT_RETAIN_SELF = YES;
				CLANG_WARN_OBJC_LITERAL_CONVERSION = YES;
				CLANG_WARN_OBJC_ROOT_CLASS = YES_ERROR;
				CLANG_WARN_QUOTED_INCLUDE_IN_FRAMEWORK_HEADER = YES;
				CLANG_WARN_RANGE_LOOP_ANALYSIS = YES;
				CLANG_WARN_STRICT_PROTOTYPES = YES;
				CLANG_WARN_SUSPICIOUS_MOVE = YES;
				CLANG_WARN_UNGUARDED_AVAILABILITY = YES_AGGRESSIVE;
				CLANG_WARN_UNREACHABLE_CODE = YES;
				CLANG_WARN__DUPLICATE_METHOD_MATCH = YES;
				COPY_PHASE_STRIP = NO;
				DEBUG_INFORMATION_FORMAT = "dwarf-with-dsym";
				ENABLE_NS_ASSERTIONS = NO;
				ENABLE_STRICT_OBJC_MSGSEND = YES;
				GCC_C_LANGUAGE_STANDARD = gnu11;
				GCC_NO_COMMON_BLOCKS = YES;
				GCC_WARN_64_TO_32_BIT_CONVERSION = YES;
				GCC_WARN_ABOUT_RETURN_TYPE = YES_ERROR;
				GCC_WARN_UNDECLARED_SELECTOR = YES;
				GCC_WARN_UNINITIALIZED_AUTOS = YES_AGGRESSIVE;
				GCC_WARN_UNUSED_FUNCTION = YES;
				GCC_WARN_UNUSED_VARIABLE = YES;
				IPHONEOS_DEPLOYMENT_TARGET = 14.5;
				MTL_ENABLE_DEBUG_INFO = NO;
				MTL_FAST_MATH = YES;
				SDKROOT = iphoneos;
				SWIFT_COMPILATION_MODE = wholemodule;
				SWIFT_OPTIMIZATION_LEVEL = "-O";
				VALIDATE_PRODUCT = YES;
			};
			name = Release;
		};
		C63DF74626E2247300E01163 /* Debug */ = {
			isa = XCBuildConfiguration;
			buildSettings = {
				ASSETCATALOG_COMPILER_APPICON_NAME = AppIcon;
				ASSETCATALOG_COMPILER_GLOBAL_ACCENT_COLOR_NAME = AccentColor;
				CODE_SIGN_STYLE = Automatic;
				DEVELOPMENT_TEAM = 5QL6TNF9LL;
				INFOPLIST_FILE = ToDoListApp/Info.plist;
				LD_RUNPATH_SEARCH_PATHS = (
					"$(inherited)",
					"@executable_path/Frameworks",
				);
				PRODUCT_BUNDLE_IDENTIFIER = Miller.ToDoListApp;
				PRODUCT_NAME = "$(TARGET_NAME)";
				SWIFT_VERSION = 5.0;
				TARGETED_DEVICE_FAMILY = "1,2";
			};
			name = Debug;
		};
		C63DF74726E2247300E01163 /* Release */ = {
			isa = XCBuildConfiguration;
			buildSettings = {
				ASSETCATALOG_COMPILER_APPICON_NAME = AppIcon;
				ASSETCATALOG_COMPILER_GLOBAL_ACCENT_COLOR_NAME = AccentColor;
				CODE_SIGN_STYLE = Automatic;
				DEVELOPMENT_TEAM = 5QL6TNF9LL;
				INFOPLIST_FILE = ToDoListApp/Info.plist;
				LD_RUNPATH_SEARCH_PATHS = (
					"$(inherited)",
					"@executable_path/Frameworks",
				);
				PRODUCT_BUNDLE_IDENTIFIER = Miller.ToDoListApp;
				PRODUCT_NAME = "$(TARGET_NAME)";
				SWIFT_VERSION = 5.0;
				TARGETED_DEVICE_FAMILY = "1,2";
			};
			name = Release;
		};
/* End XCBuildConfiguration section */

/* Begin XCConfigurationList section */
		C63DF72C26E2247200E01163 /* Build configuration list for PBXProject "ToDoListApp" */ = {
			isa = XCConfigurationList;
			buildConfigurations = (
				C63DF74326E2247300E01163 /* Debug */,
				C63DF74426E2247300E01163 /* Release */,
			);
			defaultConfigurationIsVisible = 0;
			defaultConfigurationName = Release;
		};
		C63DF74526E2247300E01163 /* Build configuration list for PBXNativeTarget "ToDoListApp" */ = {
			isa = XCConfigurationList;
			buildConfigurations = (
				C63DF74626E2247300E01163 /* Debug */,
				C63DF74726E2247300E01163 /* Release */,
			);
			defaultConfigurationIsVisible = 0;
			defaultConfigurationName = Release;
		};
/* End XCConfigurationList section */
	};
	rootObject = C63DF72926E2247200E01163 /* Project object */;
}
